%{"calliope": {:hex, :calliope, "0.3.0"},
  "cowboy": {:hex, :cowboy, "1.0.4"},
  "cowlib": {:hex, :cowlib, "1.0.2"},
  "plug": {:hex, :plug, "1.0.3"},
  "plug_heartbeat": {:hex, :plug_heartbeat, "0.2.0"},
  "poison": {:hex, :poison, "1.5.0"},
  "ranch": {:hex, :ranch, "1.2.0"},
  "trot": {:git, "https://github.com/mikowitz/trot.git", "aecff8539bb1068e14f5fa17c99e7a9dbe3ad390", []}}
